
Microsoft Visual Studio Solution File, Format Version 12.00
# Visual Studio 15
VisualStudioVersion = 15.0.28010.2036
MinimumVisualStudioVersion = 10.0.40219.1
Project("{FAE04EC0-301F-11D3-BF4B-00C04F79EFBC}") = "FileVisitor", "FileVisitor\FileVisitor.csproj", "{9E06DC35-2380-476F-9D5C-CD2B85D34330}"
EndProject
Project("{FAE04EC0-301F-11D3-BF4B-00C04F79EFBC}") = "ConsoleProject", "ConsoleProject\ConsoleProject.csproj", "{39119CBE-9F6E-44B3-AF48-9EDBD248D16E}"
EndProject
Global
	GlobalSection(SolutionConfigurationPlatforms) = preSolution
		Debug|Any CPU = Debug|Any CPU
		Release|Any CPU = Release|Any CPU
	EndGlobalSection
	GlobalSection(ProjectConfigurationPlatforms) = postSolution
		{9E06DC35-2380-476F-9D5C-CD2B85D34330}.Debug|Any CPU.ActiveCfg = Debug|Any CPU
		{9E06DC35-2380-476F-9D5C-CD2B85D34330}.Debug|Any CPU.Build.0 = Debug|Any CPU
		{9E06DC35-2380-476F-9D5C-CD2B85D34330}.Release|Any CPU.ActiveCfg = Release|Any CPU
		{9E06DC35-2380-476F-9D5C-CD2B85D34330}.Release|Any CPU.Build.0 = Release|Any CPU
		{39119CBE-9F6E-44B3-AF48-9EDBD248D16E}.Debug|Any CPU.ActiveCfg = Debug|Any CPU
		{39119CBE-9F6E-44B3-AF48-9EDBD248D16E}.Debug|Any CPU.Build.0 = Debug|Any CPU
		{39119CBE-9F6E-44B3-AF48-9EDBD248D16E}.Release|Any CPU.ActiveCfg = Release|Any CPU
		{39119CBE-9F6E-44B3-AF48-9EDBD248D16E}.Release|Any CPU.Build.0 = Release|Any CPU
	EndGlobalSection
	GlobalSection(SolutionProperties) = preSolution
		HideSolutionNode = FALSE
	EndGlobalSection
	GlobalSection(ExtensibilityGlobals) = postSolution
		SolutionGuid = {91E24083-8034-4E8E-834E-BA367AA0CE63}
	EndGlobalSection
EndGlobal
