
Microsoft Visual Studio Solution File, Format Version 12.00
# Visual Studio 15
VisualStudioVersion = 15.0.28010.2036
MinimumVisualStudioVersion = 10.0.40219.1
Project("{FAE04EC0-301F-11D3-BF4B-00C04F79EFBC}") = "ConsoleProject", "AdvancedSharpeckiy\ConsoleProject\ConsoleProject.csproj", "{39119CBE-9F6E-44B3-AF48-9EDBD248D16E}"
EndProject
Project("{9A19103F-16F7-4668-BE54-9A1E7A4F7556}") = "FileVisitor", "AdvancedSharpeckiy\FileVisitor\FileVisitor.csproj", "{7FEB3AEB-72D8-4BED-9496-D9EBF2D8B2A8}"
EndProject
Project("{2150E333-8FDC-42A3-9474-1A3956D46DE8}") = "AdvancedSharpeckiy", "AdvancedSharpeckiy", "{D8E8CC7A-A820-4121-A588-E54B7B11E0D8}"
EndProject
Project("{2150E333-8FDC-42A3-9474-1A3956D46DE8}") = "IntroductionTo.Net", "IntroductionTo.Net", "{0B022F1A-9130-4445-8B44-C4962260D00A}"
EndProject
Project("{FAE04EC0-301F-11D3-BF4B-00C04F79EFBC}") = "HelperProject", "IntroductionTo.Net\Helper\HelperProject.csproj", "{4D213ED6-E274-4E10-BDAE-601DCAA14098}"
EndProject
Project("{9A19103F-16F7-4668-BE54-9A1E7A4F7556}") = "CoreConsole", "IntroductionTo.Net\CoreConsole\CoreConsole.csproj", "{C4759A41-F858-41A2-B553-8D04199EC9A9}"
EndProject
Project("{FAE04EC0-301F-11D3-BF4B-00C04F79EFBC}") = "MonoGtk", "IntroductionTo.Net\MonoGtk\MonoGtk\MonoGtk.csproj", "{B0067472-1155-417C-B5C9-F9A5986F98B0}"
EndProject
Project("{FAE04EC0-301F-11D3-BF4B-00C04F79EFBC}") = "WinForms", "IntroductionTo.Net\WinForms\WinForms.csproj", "{BDBA5471-9D61-4D8A-996D-9CA2977BD49D}"
EndProject
Project("{2150E333-8FDC-42A3-9474-1A3956D46DE8}") = "ExceptionHandling", "ExceptionHandling", "{81CBFB59-7EAE-4BD2-AC25-9D6F08C21197}"
EndProject
Project("{FAE04EC0-301F-11D3-BF4B-00C04F79EFBC}") = "ConsoleProject", "ExceptionHandling\ConsoleProject\ConsoleProject.csproj", "{3986009E-C873-479F-B41A-9E963933862E}"
EndProject
Project("{FAE04EC0-301F-11D3-BF4B-00C04F79EFBC}") = "StringToIntConverter", "ExceptionHandling\StringToIntConverter\StringToIntConverter.csproj", "{8248215A-0B17-457A-B897-C1E5577A99B2}"
EndProject
Global
	GlobalSection(SolutionConfigurationPlatforms) = preSolution
		Debug|Any CPU = Debug|Any CPU
		Debug|x86 = Debug|x86
		Release|Any CPU = Release|Any CPU
		Release|x86 = Release|x86
	EndGlobalSection
	GlobalSection(ProjectConfigurationPlatforms) = postSolution
		{39119CBE-9F6E-44B3-AF48-9EDBD248D16E}.Debug|Any CPU.ActiveCfg = Debug|Any CPU
		{39119CBE-9F6E-44B3-AF48-9EDBD248D16E}.Debug|Any CPU.Build.0 = Debug|Any CPU
		{39119CBE-9F6E-44B3-AF48-9EDBD248D16E}.Debug|x86.ActiveCfg = Debug|Any CPU
		{39119CBE-9F6E-44B3-AF48-9EDBD248D16E}.Debug|x86.Build.0 = Debug|Any CPU
		{39119CBE-9F6E-44B3-AF48-9EDBD248D16E}.Release|Any CPU.ActiveCfg = Release|Any CPU
		{39119CBE-9F6E-44B3-AF48-9EDBD248D16E}.Release|Any CPU.Build.0 = Release|Any CPU
		{39119CBE-9F6E-44B3-AF48-9EDBD248D16E}.Release|x86.ActiveCfg = Release|Any CPU
		{39119CBE-9F6E-44B3-AF48-9EDBD248D16E}.Release|x86.Build.0 = Release|Any CPU
		{7FEB3AEB-72D8-4BED-9496-D9EBF2D8B2A8}.Debug|Any CPU.ActiveCfg = Debug|Any CPU
		{7FEB3AEB-72D8-4BED-9496-D9EBF2D8B2A8}.Debug|Any CPU.Build.0 = Debug|Any CPU
		{7FEB3AEB-72D8-4BED-9496-D9EBF2D8B2A8}.Debug|x86.ActiveCfg = Debug|Any CPU
		{7FEB3AEB-72D8-4BED-9496-D9EBF2D8B2A8}.Debug|x86.Build.0 = Debug|Any CPU
		{7FEB3AEB-72D8-4BED-9496-D9EBF2D8B2A8}.Release|Any CPU.ActiveCfg = Release|Any CPU
		{7FEB3AEB-72D8-4BED-9496-D9EBF2D8B2A8}.Release|Any CPU.Build.0 = Release|Any CPU
		{7FEB3AEB-72D8-4BED-9496-D9EBF2D8B2A8}.Release|x86.ActiveCfg = Release|Any CPU
		{7FEB3AEB-72D8-4BED-9496-D9EBF2D8B2A8}.Release|x86.Build.0 = Release|Any CPU
		{4D213ED6-E274-4E10-BDAE-601DCAA14098}.Debug|Any CPU.ActiveCfg = Debug|Any CPU
		{4D213ED6-E274-4E10-BDAE-601DCAA14098}.Debug|Any CPU.Build.0 = Debug|Any CPU
		{4D213ED6-E274-4E10-BDAE-601DCAA14098}.Debug|x86.ActiveCfg = Debug|Any CPU
		{4D213ED6-E274-4E10-BDAE-601DCAA14098}.Debug|x86.Build.0 = Debug|Any CPU
		{4D213ED6-E274-4E10-BDAE-601DCAA14098}.Release|Any CPU.ActiveCfg = Release|Any CPU
		{4D213ED6-E274-4E10-BDAE-601DCAA14098}.Release|Any CPU.Build.0 = Release|Any CPU
		{4D213ED6-E274-4E10-BDAE-601DCAA14098}.Release|x86.ActiveCfg = Release|Any CPU
		{4D213ED6-E274-4E10-BDAE-601DCAA14098}.Release|x86.Build.0 = Release|Any CPU
		{C4759A41-F858-41A2-B553-8D04199EC9A9}.Debug|Any CPU.ActiveCfg = Debug|Any CPU
		{C4759A41-F858-41A2-B553-8D04199EC9A9}.Debug|Any CPU.Build.0 = Debug|Any CPU
		{C4759A41-F858-41A2-B553-8D04199EC9A9}.Debug|x86.ActiveCfg = Debug|Any CPU
		{C4759A41-F858-41A2-B553-8D04199EC9A9}.Debug|x86.Build.0 = Debug|Any CPU
		{C4759A41-F858-41A2-B553-8D04199EC9A9}.Release|Any CPU.ActiveCfg = Release|Any CPU
		{C4759A41-F858-41A2-B553-8D04199EC9A9}.Release|Any CPU.Build.0 = Release|Any CPU
		{C4759A41-F858-41A2-B553-8D04199EC9A9}.Release|x86.ActiveCfg = Release|Any CPU
		{C4759A41-F858-41A2-B553-8D04199EC9A9}.Release|x86.Build.0 = Release|Any CPU
		{B0067472-1155-417C-B5C9-F9A5986F98B0}.Debug|Any CPU.ActiveCfg = Debug|x86
		{B0067472-1155-417C-B5C9-F9A5986F98B0}.Debug|x86.ActiveCfg = Debug|x86
		{B0067472-1155-417C-B5C9-F9A5986F98B0}.Debug|x86.Build.0 = Debug|x86
		{B0067472-1155-417C-B5C9-F9A5986F98B0}.Release|Any CPU.ActiveCfg = Release|x86
		{B0067472-1155-417C-B5C9-F9A5986F98B0}.Release|x86.ActiveCfg = Release|x86
		{B0067472-1155-417C-B5C9-F9A5986F98B0}.Release|x86.Build.0 = Release|x86
		{BDBA5471-9D61-4D8A-996D-9CA2977BD49D}.Debug|Any CPU.ActiveCfg = Debug|Any CPU
		{BDBA5471-9D61-4D8A-996D-9CA2977BD49D}.Debug|Any CPU.Build.0 = Debug|Any CPU
		{BDBA5471-9D61-4D8A-996D-9CA2977BD49D}.Debug|x86.ActiveCfg = Debug|Any CPU
		{BDBA5471-9D61-4D8A-996D-9CA2977BD49D}.Debug|x86.Build.0 = Debug|Any CPU
		{BDBA5471-9D61-4D8A-996D-9CA2977BD49D}.Release|Any CPU.ActiveCfg = Release|Any CPU
		{BDBA5471-9D61-4D8A-996D-9CA2977BD49D}.Release|Any CPU.Build.0 = Release|Any CPU
		{BDBA5471-9D61-4D8A-996D-9CA2977BD49D}.Release|x86.ActiveCfg = Release|Any CPU
		{BDBA5471-9D61-4D8A-996D-9CA2977BD49D}.Release|x86.Build.0 = Release|Any CPU
		{3986009E-C873-479F-B41A-9E963933862E}.Debug|Any CPU.ActiveCfg = Debug|Any CPU
		{3986009E-C873-479F-B41A-9E963933862E}.Debug|Any CPU.Build.0 = Debug|Any CPU
		{3986009E-C873-479F-B41A-9E963933862E}.Debug|x86.ActiveCfg = Debug|Any CPU
		{3986009E-C873-479F-B41A-9E963933862E}.Debug|x86.Build.0 = Debug|Any CPU
		{3986009E-C873-479F-B41A-9E963933862E}.Release|Any CPU.ActiveCfg = Release|Any CPU
		{3986009E-C873-479F-B41A-9E963933862E}.Release|Any CPU.Build.0 = Release|Any CPU
		{3986009E-C873-479F-B41A-9E963933862E}.Release|x86.ActiveCfg = Release|Any CPU
		{3986009E-C873-479F-B41A-9E963933862E}.Release|x86.Build.0 = Release|Any CPU
		{8248215A-0B17-457A-B897-C1E5577A99B2}.Debug|Any CPU.ActiveCfg = Debug|Any CPU
		{8248215A-0B17-457A-B897-C1E5577A99B2}.Debug|Any CPU.Build.0 = Debug|Any CPU
		{8248215A-0B17-457A-B897-C1E5577A99B2}.Debug|x86.ActiveCfg = Debug|Any CPU
		{8248215A-0B17-457A-B897-C1E5577A99B2}.Debug|x86.Build.0 = Debug|Any CPU
		{8248215A-0B17-457A-B897-C1E5577A99B2}.Release|Any CPU.ActiveCfg = Release|Any CPU
		{8248215A-0B17-457A-B897-C1E5577A99B2}.Release|Any CPU.Build.0 = Release|Any CPU
		{8248215A-0B17-457A-B897-C1E5577A99B2}.Release|x86.ActiveCfg = Release|Any CPU
		{8248215A-0B17-457A-B897-C1E5577A99B2}.Release|x86.Build.0 = Release|Any CPU
	EndGlobalSection
	GlobalSection(SolutionProperties) = preSolution
		HideSolutionNode = FALSE
	EndGlobalSection
	GlobalSection(NestedProjects) = preSolution
		{39119CBE-9F6E-44B3-AF48-9EDBD248D16E} = {D8E8CC7A-A820-4121-A588-E54B7B11E0D8}
		{7FEB3AEB-72D8-4BED-9496-D9EBF2D8B2A8} = {D8E8CC7A-A820-4121-A588-E54B7B11E0D8}
		{4D213ED6-E274-4E10-BDAE-601DCAA14098} = {0B022F1A-9130-4445-8B44-C4962260D00A}
		{C4759A41-F858-41A2-B553-8D04199EC9A9} = {0B022F1A-9130-4445-8B44-C4962260D00A}
		{B0067472-1155-417C-B5C9-F9A5986F98B0} = {0B022F1A-9130-4445-8B44-C4962260D00A}
		{BDBA5471-9D61-4D8A-996D-9CA2977BD49D} = {0B022F1A-9130-4445-8B44-C4962260D00A}
		{3986009E-C873-479F-B41A-9E963933862E} = {81CBFB59-7EAE-4BD2-AC25-9D6F08C21197}
		{8248215A-0B17-457A-B897-C1E5577A99B2} = {81CBFB59-7EAE-4BD2-AC25-9D6F08C21197}
	EndGlobalSection
	GlobalSection(ExtensibilityGlobals) = postSolution
		SolutionGuid = {06F072BA-0EDA-428C-90BC-131C35CBF683}
	EndGlobalSection
EndGlobal
