
Microsoft Visual Studio Solution File, Format Version 12.00
# Visual Studio 15
VisualStudioVersion = 15.0.28010.2036
MinimumVisualStudioVersion = 10.0.40219.1
Project("{FAE04EC0-301F-11D3-BF4B-00C04F79EFBC}") = "ConsoleProject", "ConsoleProject\ConsoleProject.csproj", "{3986009E-C873-479F-B41A-9E963933862E}"
EndProject
Project("{FAE04EC0-301F-11D3-BF4B-00C04F79EFBC}") = "StringToIntConverter", "StringToIntConverter\StringToIntConverter.csproj", "{8248215A-0B17-457A-B897-C1E5577A99B2}"
EndProject
Global
	GlobalSection(SolutionConfigurationPlatforms) = preSolution
		Debug|Any CPU = Debug|Any CPU
		Release|Any CPU = Release|Any CPU
	EndGlobalSection
	GlobalSection(ProjectConfigurationPlatforms) = postSolution
		{3986009E-C873-479F-B41A-9E963933862E}.Debug|Any CPU.ActiveCfg = Debug|Any CPU
		{3986009E-C873-479F-B41A-9E963933862E}.Debug|Any CPU.Build.0 = Debug|Any CPU
		{3986009E-C873-479F-B41A-9E963933862E}.Release|Any CPU.ActiveCfg = Release|Any CPU
		{3986009E-C873-479F-B41A-9E963933862E}.Release|Any CPU.Build.0 = Release|Any CPU
		{8248215A-0B17-457A-B897-C1E5577A99B2}.Debug|Any CPU.ActiveCfg = Debug|Any CPU
		{8248215A-0B17-457A-B897-C1E5577A99B2}.Debug|Any CPU.Build.0 = Debug|Any CPU
		{8248215A-0B17-457A-B897-C1E5577A99B2}.Release|Any CPU.ActiveCfg = Release|Any CPU
		{8248215A-0B17-457A-B897-C1E5577A99B2}.Release|Any CPU.Build.0 = Release|Any CPU
	EndGlobalSection
	GlobalSection(SolutionProperties) = preSolution
		HideSolutionNode = FALSE
	EndGlobalSection
	GlobalSection(ExtensibilityGlobals) = postSolution
		SolutionGuid = {447EE143-3F1A-4826-BD99-BF8B7637B905}
	EndGlobalSection
EndGlobal
